
Microsoft Visual Studio Solution File, Format Version 12.00
Project("{FAE04EC0-301F-11D3-BF4B-00C04F79EFBC}") = "nlox", "nlox.csproj", "{9932C7C2-0EA8-4557-944D-43CF5907C463}"
EndProject
Global
	GlobalSection(SolutionConfigurationPlatforms) = preSolution
		Debug|Any CPU = Debug|Any CPU
		Release|Any CPU = Release|Any CPU
	EndGlobalSection
	GlobalSection(ProjectConfigurationPlatforms) = postSolution
		{9932C7C2-0EA8-4557-944D-43CF5907C463}.Debug|Any CPU.ActiveCfg = Debug|Any CPU
		{9932C7C2-0EA8-4557-944D-43CF5907C463}.Debug|Any CPU.Build.0 = Debug|Any CPU
		{9932C7C2-0EA8-4557-944D-43CF5907C463}.Release|Any CPU.ActiveCfg = Release|Any CPU
		{9932C7C2-0EA8-4557-944D-43CF5907C463}.Release|Any CPU.Build.0 = Release|Any CPU
	EndGlobalSection
EndGlobal
